
Microsoft Visual Studio Solution File, Format Version 12.00
# Visual Studio Version 17
VisualStudioVersion = 17.12.35514.174
MinimumVisualStudioVersion = 10.0.40219.1
Project("{FAE04EC0-301F-11D3-BF4B-00C04F79EFBC}") = "Topic 7 - P1 Assignment", "Topic 7 - P1 Assignment.csproj", "{4F050050-02D1-493B-B139-C1A29CD3037D}"
EndProject
Global
	GlobalSection(SolutionConfigurationPlatforms) = preSolution
		Debug|Any CPU = Debug|Any CPU
		Release|Any CPU = Release|Any CPU
	EndGlobalSection
	GlobalSection(ProjectConfigurationPlatforms) = postSolution
		{4F050050-02D1-493B-B139-C1A29CD3037D}.Debug|Any CPU.ActiveCfg = Debug|Any CPU
		{4F050050-02D1-493B-B139-C1A29CD3037D}.Debug|Any CPU.Build.0 = Debug|Any CPU
		{4F050050-02D1-493B-B139-C1A29CD3037D}.Release|Any CPU.ActiveCfg = Release|Any CPU
		{4F050050-02D1-493B-B139-C1A29CD3037D}.Release|Any CPU.Build.0 = Release|Any CPU
	EndGlobalSection
	GlobalSection(SolutionProperties) = preSolution
		HideSolutionNode = FALSE
	EndGlobalSection
EndGlobal
